
Microsoft Visual Studio Solution File, Format Version 12.00
# Visual Studio Version 17
VisualStudioVersion = 17.0.31903.59
MinimumVisualStudioVersion = 10.0.40219.1
Project("{FAE04EC0-301F-11D3-BF4B-00C04F79EFBC}") = "EcoTrails.Client", "EcoTrails.Client\EcoTrails.Client.csproj", "{486D5E14-07DB-4B3B-B0E5-A00DB8F8ED82}"
EndProject
Project("{FAE04EC0-301F-11D3-BF4B-00C04F79EFBC}") = "EcoTrails.Api", "EcoTrails.Api\EcoTrails.Api.csproj", "{5EC8C298-F127-4534-856C-7DE981E9E0AA}"
EndProject
Project("{FAE04EC0-301F-11D3-BF4B-00C04F79EFBC}") = "EcoTrails.Shared", "EcoTrails.Shared\EcoTrails.Shared.csproj", "{8A13618F-262A-4C6F-B295-3FEFBA07358E}"
EndProject
Global
	GlobalSection(SolutionConfigurationPlatforms) = preSolution
		Debug|Any CPU = Debug|Any CPU
		Release|Any CPU = Release|Any CPU
	EndGlobalSection
	GlobalSection(ProjectConfigurationPlatforms) = postSolution
		{486D5E14-07DB-4B3B-B0E5-A00DB8F8ED82}.Debug|Any CPU.ActiveCfg = Debug|Any CPU
		{486D5E14-07DB-4B3B-B0E5-A00DB8F8ED82}.Debug|Any CPU.Build.0 = Debug|Any CPU
		{486D5E14-07DB-4B3B-B0E5-A00DB8F8ED82}.Release|Any CPU.ActiveCfg = Release|Any CPU
		{486D5E14-07DB-4B3B-B0E5-A00DB8F8ED82}.Release|Any CPU.Build.0 = Release|Any CPU
		{5EC8C298-F127-4534-856C-7DE981E9E0AA}.Debug|Any CPU.ActiveCfg = Debug|Any CPU
		{5EC8C298-F127-4534-856C-7DE981E9E0AA}.Debug|Any CPU.Build.0 = Debug|Any CPU
		{5EC8C298-F127-4534-856C-7DE981E9E0AA}.Release|Any CPU.ActiveCfg = Release|Any CPU
		{5EC8C298-F127-4534-856C-7DE981E9E0AA}.Release|Any CPU.Build.0 = Release|Any CPU
		{8A13618F-262A-4C6F-B295-3FEFBA07358E}.Debug|Any CPU.ActiveCfg = Debug|Any CPU
		{8A13618F-262A-4C6F-B295-3FEFBA07358E}.Debug|Any CPU.Build.0 = Debug|Any CPU
		{8A13618F-262A-4C6F-B295-3FEFBA07358E}.Release|Any CPU.ActiveCfg = Release|Any CPU
		{8A13618F-262A-4C6F-B295-3FEFBA07358E}.Release|Any CPU.Build.0 = Release|Any CPU
	EndGlobalSection
	GlobalSection(SolutionProperties) = preSolution
		HideSolutionNode = FALSE
	EndGlobalSection
	GlobalSection(ExtensibilityGlobals) = postSolution
		SolutionGuid = {BFB4D27B-25CE-4F9F-A74B-D708793D48F2}
	EndGlobalSection
EndGlobal
